# This file is automatically @generated by Cargo.
# It is not intended for manual editing.
version = 4

[[package]]
name = "echo-agent"
version = "0.1.0-alpha.1"

[[package]]
name = "echo-cli"
version = "0.1.0-alpha.1"

[[package]]
name = "echo-providers"
version = "0.1.0-alpha.1"

[[package]]
name = "echo-sandbox"
version = "0.1.0-alpha.1"

[[package]]
name = "echo-session"
version = "0.1.0-alpha.1"

[[package]]
name = "echo-tools"
version = "0.1.0-alpha.1"

[[package]]
name = "echo-tui"
version = "0.1.0-alpha.1"
